
Microsoft Visual Studio Solution File, Format Version 12.00
# Visual Studio 15
Project("{FAE04EC0-301F-11D3-BF4B-00C04F79EFBC}") = "CrossHTMLLabel.iOS", "CrossHTMLLabel.iOS\CrossHTMLLabel.iOS.csproj", "{5890F443-2A6B-486D-8D61-26990CD36B51}"
EndProject
Global
	GlobalSection(SolutionConfigurationPlatforms) = preSolution
		Debug|iPhoneSimulator = Debug|iPhoneSimulator
		Release|iPhoneSimulator = Release|iPhoneSimulator
		Debug|iPhone = Debug|iPhone
		Release|iPhone = Release|iPhone
	EndGlobalSection
	GlobalSection(ProjectConfigurationPlatforms) = postSolution
		{5890F443-2A6B-486D-8D61-26990CD36B51}.Debug|iPhoneSimulator.ActiveCfg = Debug|iPhoneSimulator
		{5890F443-2A6B-486D-8D61-26990CD36B51}.Debug|iPhoneSimulator.Build.0 = Debug|iPhoneSimulator
		{5890F443-2A6B-486D-8D61-26990CD36B51}.Release|iPhoneSimulator.ActiveCfg = Release|iPhoneSimulator
		{5890F443-2A6B-486D-8D61-26990CD36B51}.Release|iPhoneSimulator.Build.0 = Release|iPhoneSimulator
		{5890F443-2A6B-486D-8D61-26990CD36B51}.Debug|iPhone.ActiveCfg = Debug|iPhone
		{5890F443-2A6B-486D-8D61-26990CD36B51}.Debug|iPhone.Build.0 = Debug|iPhone
		{5890F443-2A6B-486D-8D61-26990CD36B51}.Release|iPhone.ActiveCfg = Release|iPhone
		{5890F443-2A6B-486D-8D61-26990CD36B51}.Release|iPhone.Build.0 = Release|iPhone
	EndGlobalSection
EndGlobal
